
Microsoft Visual Studio Solution File, Format Version 12.00
# Visual Studio Version 17
VisualStudioVersion = 17.2.32602.215
MinimumVisualStudioVersion = 10.0.40219.1
Project("{FAE04EC0-301F-11D3-BF4B-00C04F79EFBC}") = "Task2", "Task2\Task2.csproj", "{D2869B72-BADE-47A2-BBB7-393D6283D9ED}"
EndProject
Global
	GlobalSection(SolutionConfigurationPlatforms) = preSolution
		Debug|Any CPU = Debug|Any CPU
		Release|Any CPU = Release|Any CPU
	EndGlobalSection
	GlobalSection(ProjectConfigurationPlatforms) = postSolution
		{D2869B72-BADE-47A2-BBB7-393D6283D9ED}.Debug|Any CPU.ActiveCfg = Debug|Any CPU
		{D2869B72-BADE-47A2-BBB7-393D6283D9ED}.Debug|Any CPU.Build.0 = Debug|Any CPU
		{D2869B72-BADE-47A2-BBB7-393D6283D9ED}.Release|Any CPU.ActiveCfg = Release|Any CPU
		{D2869B72-BADE-47A2-BBB7-393D6283D9ED}.Release|Any CPU.Build.0 = Release|Any CPU
	EndGlobalSection
	GlobalSection(SolutionProperties) = preSolution
		HideSolutionNode = FALSE
	EndGlobalSection
	GlobalSection(ExtensibilityGlobals) = postSolution
		SolutionGuid = {D48C1E46-1C79-461F-B214-108D1FCC4F86}
	EndGlobalSection
EndGlobal
